// !$*UTF8*$!
{
	archiveVersion = 1;
	classes = {
	};
	objectVersion = 46;
	objects = {

/* Begin PBXBuildFile section */
		BB965A601E2F4D5900EE6524 /* main.m in Sources */ = {isa = PBXBuildFile; fileRef = BB965A5F1E2F4D5900EE6524 /* main.m */; };
		BB965A631E2F4D5900EE6524 /* AppDelegate.m in Sources */ = {isa = PBXBuildFile; fileRef = BB965A621E2F4D5900EE6524 /* AppDelegate.m */; };
		BB965A661E2F4D5900EE6524 /* ViewController.m in Sources */ = {isa = PBXBuildFile; fileRef = BB965A651E2F4D5900EE6524 /* ViewController.m */; };
		BB965A691E2F4D5900EE6524 /* Main.storyboard in Resources */ = {isa = PBXBuildFile; fileRef = BB965A671E2F4D5900EE6524 /* Main.storyboard */; };
		BB965A6B1E2F4D5900EE6524 /* Assets.xcassets in Resources */ = {isa = PBXBuildFile; fileRef = BB965A6A1E2F4D5900EE6524 /* Assets.xcassets */; };
		BB965A6E1E2F4D5900EE6524 /* LaunchScreen.storyboard in Resources */ = {isa = PBXBuildFile; fileRef = BB965A6C1E2F4D5900EE6524 /* LaunchScreen.storyboard */; };
		BB965A791E2F4D5900EE6524 /* CScoketClientTests.m in Sources */ = {isa = PBXBuildFile; fileRef = BB965A781E2F4D5900EE6524 /* CScoketClientTests.m */; };
		BB965A841E2F4D5900EE6524 /* CScoketClientUITests.m in Sources */ = {isa = PBXBuildFile; fileRef = BB965A831E2F4D5900EE6524 /* CScoketClientUITests.m */; };
		BB965A931E2F500300EE6524 /* TYHSocketManager.m in Sources */ = {isa = PBXBuildFile; fileRef = BB965A921E2F500300EE6524 /* TYHSocketManager.m */; };
/* End PBXBuildFile section */

/* Begin PBXContainerItemProxy section */
		BB965A751E2F4D5900EE6524 /* PBXContainerItemProxy */ = {
			isa = PBXContainerItemProxy;
			containerPortal = BB965A531E2F4D5900EE6524 /* Project object */;
			proxyType = 1;
			remoteGlobalIDString = BB965A5A1E2F4D5900EE6524;
			remoteInfo = CScoketClient;
		};
		BB965A801E2F4D5900EE6524 /* PBXContainerItemProxy */ = {
			isa = PBXContainerItemProxy;
			containerPortal = BB965A531E2F4D5900EE6524 /* Project object */;
			proxyType = 1;
			remoteGlobalIDString = BB965A5A1E2F4D5900EE6524;
			remoteInfo = CScoketClient;
		};
/* End PBXContainerItemProxy section */

/* Begin PBXFileReference section */
		BB965A5B1E2F4D5900EE6524 /* CScoketClient.app */ = {isa = PBXFileReference; explicitFileType = wrapper.application; includeInIndex = 0; path = CScoketClient.app; sourceTree = BUILT_PRODUCTS_DIR; };
		BB965A5F1E2F4D5900EE6524 /* main.m */ = {isa = PBXFileReference; lastKnownFileType = sourcecode.c.objc; path = main.m; sourceTree = "<group>"; };
		BB965A611E2F4D5900EE6524 /* AppDelegate.h */ = {isa = PBXFileReference; lastKnownFileType = sourcecode.c.h; path = AppDelegate.h; sourceTree = "<group>"; };
		BB965A621E2F4D5900EE6524 /* AppDelegate.m */ = {isa = PBXFileReference; lastKnownFileType = sourcecode.c.objc; path = AppDelegate.m; sourceTree = "<group>"; };
		BB965A641E2F4D5900EE6524 /* ViewController.h */ = {isa = PBXFileReference; lastKnownFileType = sourcecode.c.h; path = ViewController.h; sourceTree = "<group>"; };
		BB965A651E2F4D5900EE6524 /* ViewController.m */ = {isa = PBXFileReference; lastKnownFileType = sourcecode.c.objc; path = ViewController.m; sourceTree = "<group>"; };
		BB965A681E2F4D5900EE6524 /* Base */ = {isa = PBXFileReference; lastKnownFileType = file.storyboard; name = Base; path = Base.lproj/Main.storyboard; sourceTree = "<group>"; };
		BB965A6A1E2F4D5900EE6524 /* Assets.xcassets */ = {isa = PBXFileReference; lastKnownFileType = folder.assetcatalog; path = Assets.xcassets; sourceTree = "<group>"; };
		BB965A6D1E2F4D5900EE6524 /* Base */ = {isa = PBXFileReference; lastKnownFileType = file.storyboard; name = Base; path = Base.lproj/LaunchScreen.storyboard; sourceTree = "<group>"; };
		BB965A6F1E2F4D5900EE6524 /* Info.plist */ = {isa = PBXFileReference; lastKnownFileType = text.plist.xml; path = Info.plist; sourceTree = "<group>"; };
		BB965A741E2F4D5900EE6524 /* CScoketClientTests.xctest */ = {isa = PBXFileReference; explicitFileType = wrapper.cfbundle; includeInIndex = 0; path = CScoketClientTests.xctest; sourceTree = BUILT_PRODUCTS_DIR; };
		BB965A781E2F4D5900EE6524 /* CScoketClientTests.m */ = {isa = PBXFileReference; lastKnownFileType = sourcecode.c.objc; path = CScoketClientTests.m; sourceTree = "<group>"; };
		BB965A7A1E2F4D5900EE6524 /* Info.plist */ = {isa = PBXFileReference; lastKnownFileType = text.plist.xml; path = Info.plist; sourceTree = "<group>"; };
		BB965A7F1E2F4D5900EE6524 /* CScoketClientUITests.xctest */ = {isa = PBXFileReference; explicitFileType = wrapper.cfbundle; includeInIndex = 0; path = CScoketClientUITests.xctest; sourceTree = BUILT_PRODUCTS_DIR; };
		BB965A831E2F4D5900EE6524 /* CScoketClientUITests.m */ = {isa = PBXFileReference; lastKnownFileType = sourcecode.c.objc; path = CScoketClientUITests.m; sourceTree = "<group>"; };
		BB965A851E2F4D5900EE6524 /* Info.plist */ = {isa = PBXFileReference; lastKnownFileType = text.plist.xml; path = Info.plist; sourceTree = "<group>"; };
		BB965A911E2F500300EE6524 /* TYHSocketManager.h */ = {isa = PBXFileReference; fileEncoding = 4; lastKnownFileType = sourcecode.c.h; path = TYHSocketManager.h; sourceTree = "<group>"; };
		BB965A921E2F500300EE6524 /* TYHSocketManager.m */ = {isa = PBXFileReference; fileEncoding = 4; lastKnownFileType = sourcecode.c.objc; path = TYHSocketManager.m; sourceTree = "<group>"; };
/* End PBXFileReference section */

/* Begin PBXFrameworksBuildPhase section */
		BB965A581E2F4D5900EE6524 /* Frameworks */ = {
			isa = PBXFrameworksBuildPhase;
			buildActionMask = 2147483647;
			files = (
			);
			runOnlyForDeploymentPostprocessing = 0;
		};
		BB965A711E2F4D5900EE6524 /* Frameworks */ = {
			isa = PBXFrameworksBuildPhase;
			buildActionMask = 2147483647;
			files = (
			);
			runOnlyForDeploymentPostprocessing = 0;
		};
		BB965A7C1E2F4D5900EE6524 /* Frameworks */ = {
			isa = PBXFrameworksBuildPhase;
			buildActionMask = 2147483647;
			files = (
			);
			runOnlyForDeploymentPostprocessing = 0;
		};
/* End PBXFrameworksBuildPhase section */

/* Begin PBXGroup section */
		BB965A521E2F4D5900EE6524 = {
			isa = PBXGroup;
			children = (
				BB965A5D1E2F4D5900EE6524 /* CScoketClient */,
				BB965A771E2F4D5900EE6524 /* CScoketClientTests */,
				BB965A821E2F4D5900EE6524 /* CScoketClientUITests */,
				BB965A5C1E2F4D5900EE6524 /* Products */,
			);
			sourceTree = "<group>";
		};
		BB965A5C1E2F4D5900EE6524 /* Products */ = {
			isa = PBXGroup;
			children = (
				BB965A5B1E2F4D5900EE6524 /* CScoketClient.app */,
				BB965A741E2F4D5900EE6524 /* CScoketClientTests.xctest */,
				BB965A7F1E2F4D5900EE6524 /* CScoketClientUITests.xctest */,
			);
			name = Products;
			sourceTree = "<group>";
		};
		BB965A5D1E2F4D5900EE6524 /* CScoketClient */ = {
			isa = PBXGroup;
			children = (
				BB965A911E2F500300EE6524 /* TYHSocketManager.h */,
				BB965A921E2F500300EE6524 /* TYHSocketManager.m */,
				BB965A641E2F4D5900EE6524 /* ViewController.h */,
				BB965A651E2F4D5900EE6524 /* ViewController.m */,
				BB965A671E2F4D5900EE6524 /* Main.storyboard */,
				BB965A5E1E2F4D5900EE6524 /* Supporting Files */,
			);
			path = CScoketClient;
			sourceTree = "<group>";
		};
		BB965A5E1E2F4D5900EE6524 /* Supporting Files */ = {
			isa = PBXGroup;
			children = (
				BB965A6A1E2F4D5900EE6524 /* Assets.xcassets */,
				BB965A6C1E2F4D5900EE6524 /* LaunchScreen.storyboard */,
				BB965A6F1E2F4D5900EE6524 /* Info.plist */,
				BB965A611E2F4D5900EE6524 /* AppDelegate.h */,
				BB965A621E2F4D5900EE6524 /* AppDelegate.m */,
				BB965A5F1E2F4D5900EE6524 /* main.m */,
			);
			name = "Supporting Files";
			sourceTree = "<group>";
		};
		BB965A771E2F4D5900EE6524 /* CScoketClientTests */ = {
			isa = PBXGroup;
			children = (
				BB965A781E2F4D5900EE6524 /* CScoketClientTests.m */,
				BB965A7A1E2F4D5900EE6524 /* Info.plist */,
			);
			path = CScoketClientTests;
			sourceTree = "<group>";
		};
		BB965A821E2F4D5900EE6524 /* CScoketClientUITests */ = {
			isa = PBXGroup;
			children = (
				BB965A831E2F4D5900EE6524 /* CScoketClientUITests.m */,
				BB965A851E2F4D5900EE6524 /* Info.plist */,
			);
			path = CScoketClientUITests;
			sourceTree = "<group>";
		};
/* End PBXGroup section */

/* Begin PBXNativeTarget section */
		BB965A5A1E2F4D5900EE6524 /* CScoketClient */ = {
			isa = PBXNativeTarget;
			buildConfigurationList = BB965A881E2F4D5900EE6524 /* Build configuration list for PBXNativeTarget "CScoketClient" */;
			buildPhases = (
				BB965A571E2F4D5900EE6524 /* Sources */,
				BB965A581E2F4D5900EE6524 /* Frameworks */,
				BB965A591E2F4D5900EE6524 /* Resources */,
			);
			buildRules = (
			);
			dependencies = (
			);
			name = CScoketClient;
			productName = CScoketClient;
			productReference = BB965A5B1E2F4D5900EE6524 /* CScoketClient.app */;
			productType = "com.apple.product-type.application";
		};
		BB965A731E2F4D5900EE6524 /* CScoketClientTests */ = {
			isa = PBXNativeTarget;
			buildConfigurationList = BB965A8B1E2F4D5900EE6524 /* Build configuration list for PBXNativeTarget "CScoketClientTests" */;
			buildPhases = (
				BB965A701E2F4D5900EE6524 /* Sources */,
				BB965A711E2F4D5900EE6524 /* Frameworks */,
				BB965A721E2F4D5900EE6524 /* Resources */,
			);
			buildRules = (
			);
			dependencies = (
				BB965A761E2F4D5900EE6524 /* PBXTargetDependency */,
			);
			name = CScoketClientTests;
			productName = CScoketClientTests;
			productReference = BB965A741E2F4D5900EE6524 /* CScoketClientTests.xctest */;
			productType = "com.apple.product-type.bundle.unit-test";
		};
		BB965A7E1E2F4D5900EE6524 /* CScoketClientUITests */ = {
			isa = PBXNativeTarget;
			buildConfigurationList = BB965A8E1E2F4D5900EE6524 /* Build configuration list for PBXNativeTarget "CScoketClientUITests" */;
			buildPhases = (
				BB965A7B1E2F4D5900EE6524 /* Sources */,
				BB965A7C1E2F4D5900EE6524 /* Frameworks */,
				BB965A7D1E2F4D5900EE6524 /* Resources */,
			);
			buildRules = (
			);
			dependencies = (
				BB965A811E2F4D5900EE6524 /* PBXTargetDependency */,
			);
			name = CScoketClientUITests;
			productName = CScoketClientUITests;
			productReference = BB965A7F1E2F4D5900EE6524 /* CScoketClientUITests.xctest */;
			productType = "com.apple.product-type.bundle.ui-testing";
		};
/* End PBXNativeTarget section */

/* Begin PBXProject section */
		BB965A531E2F4D5900EE6524 /* Project object */ = {
			isa = PBXProject;
			attributes = {
				LastUpgradeCheck = 0820;
				ORGANIZATIONNAME = Lamb;
				TargetAttributes = {
					BB965A5A1E2F4D5900EE6524 = {
						CreatedOnToolsVersion = 8.2.1;
						ProvisioningStyle = Automatic;
					};
					BB965A731E2F4D5900EE6524 = {
						CreatedOnToolsVersion = 8.2.1;
						ProvisioningStyle = Automatic;
						TestTargetID = BB965A5A1E2F4D5900EE6524;
					};
					BB965A7E1E2F4D5900EE6524 = {
						CreatedOnToolsVersion = 8.2.1;
						ProvisioningStyle = Automatic;
						TestTargetID = BB965A5A1E2F4D5900EE6524;
					};
				};
			};
			buildConfigurationList = BB965A561E2F4D5900EE6524 /* Build configuration list for PBXProject "CScoketClient" */;
			compatibilityVersion = "Xcode 3.2";
			developmentRegion = English;
			hasScannedForEncodings = 0;
			knownRegions = (
				en,
				Base,
			);
			mainGroup = BB965A521E2F4D5900EE6524;
			productRefGroup = BB965A5C1E2F4D5900EE6524 /* Products */;
			projectDirPath = "";
			projectRoot = "";
			targets = (
				BB965A5A1E2F4D5900EE6524 /* CScoketClient */,
				BB965A731E2F4D5900EE6524 /* CScoketClientTests */,
				BB965A7E1E2F4D5900EE6524 /* CScoketClientUITests */,
			);
		};
/* End PBXProject section */

/* Begin PBXResourcesBuildPhase section */
		BB965A591E2F4D5900EE6524 /* Resources */ = {
			isa = PBXResourcesBuildPhase;
			buildActionMask = 2147483647;
			files = (
				BB965A6E1E2F4D5900EE6524 /* LaunchScreen.storyboard in Resources */,
				BB965A6B1E2F4D5900EE6524 /* Assets.xcassets in Resources */,
				BB965A691E2F4D5900EE6524 /* Main.storyboard in Resources */,
			);
			runOnlyForDeploymentPostprocessing = 0;
		};
		BB965A721E2F4D5900EE6524 /* Resources */ = {
			isa = PBXResourcesBuildPhase;
			buildActionMask = 2147483647;
			files = (
			);
			runOnlyForDeploymentPostprocessing = 0;
		};
		BB965A7D1E2F4D5900EE6524 /* Resources */ = {
			isa = PBXResourcesBuildPhase;
			buildActionMask = 2147483647;
			files = (
			);
			runOnlyForDeploymentPostprocessing = 0;
		};
/* End PBXResourcesBuildPhase section */

/* Begin PBXSourcesBuildPhase section */
		BB965A571E2F4D5900EE6524 /* Sources */ = {
			isa = PBXSourcesBuildPhase;
			buildActionMask = 2147483647;
			files = (
				BB965A661E2F4D5900EE6524 /* ViewController.m in Sources */,
				BB965A631E2F4D5900EE6524 /* AppDelegate.m in Sources */,
				BB965A931E2F500300EE6524 /* TYHSocketManager.m in Sources */,
				BB965A601E2F4D5900EE6524 /* main.m in Sources */,
			);
			runOnlyForDeploymentPostprocessing = 0;
		};
		BB965A701E2F4D5900EE6524 /* Sources */ = {
			isa = PBXSourcesBuildPhase;
			buildActionMask = 2147483647;
			files = (
				BB965A791E2F4D5900EE6524 /* CScoketClientTests.m in Sources */,
			);
			runOnlyForDeploymentPostprocessing = 0;
		};
		BB965A7B1E2F4D5900EE6524 /* Sources */ = {
			isa = PBXSourcesBuildPhase;
			buildActionMask = 2147483647;
			files = (
				BB965A841E2F4D5900EE6524 /* CScoketClientUITests.m in Sources */,
			);
			runOnlyForDeploymentPostprocessing = 0;
		};
/* End PBXSourcesBuildPhase section */

/* Begin PBXTargetDependency section */
		BB965A761E2F4D5900EE6524 /* PBXTargetDependency */ = {
			isa = PBXTargetDependency;
			target = BB965A5A1E2F4D5900EE6524 /* CScoketClient */;
			targetProxy = BB965A751E2F4D5900EE6524 /* PBXContainerItemProxy */;
		};
		BB965A811E2F4D5900EE6524 /* PBXTargetDependency */ = {
			isa = PBXTargetDependency;
			target = BB965A5A1E2F4D5900EE6524 /* CScoketClient */;
			targetProxy = BB965A801E2F4D5900EE6524 /* PBXContainerItemProxy */;
		};
/* End PBXTargetDependency section */

/* Begin PBXVariantGroup section */
		BB965A671E2F4D5900EE6524 /* Main.storyboard */ = {
			isa = PBXVariantGroup;
			children = (
				BB965A681E2F4D5900EE6524 /* Base */,
			);
			name = Main.storyboard;
			sourceTree = "<group>";
		};
		BB965A6C1E2F4D5900EE6524 /* LaunchScreen.storyboard */ = {
			isa = PBXVariantGroup;
			children = (
				BB965A6D1E2F4D5900EE6524 /* Base */,
			);
			name = LaunchScreen.storyboard;
			sourceTree = "<group>";
		};
/* End PBXVariantGroup section */

/* Begin XCBuildConfiguration section */
		BB965A861E2F4D5900EE6524 /* Debug */ = {
			isa = XCBuildConfiguration;
			buildSettings = {
				ALWAYS_SEARCH_USER_PATHS = NO;
				CLANG_ANALYZER_NONNULL = YES;
				CLANG_CXX_LANGUAGE_STANDARD = "gnu++0x";
				CLANG_CXX_LIBRARY = "libc++";
				CLANG_ENABLE_MODULES = YES;
				CLANG_ENABLE_OBJC_ARC = YES;
				CLANG_WARN_BOOL_CONVERSION = YES;
				CLANG_WARN_CONSTANT_CONVERSION = YES;
				CLANG_WARN_DIRECT_OBJC_ISA_USAGE = YES_ERROR;
				CLANG_WARN_DOCUMENTATION_COMMENTS = YES;
				CLANG_WARN_EMPTY_BODY = YES;
				CLANG_WARN_ENUM_CONVERSION = YES;
				CLANG_WARN_INFINITE_RECURSION = YES;
				CLANG_WARN_INT_CONVERSION = YES;
				CLANG_WARN_OBJC_ROOT_CLASS = YES_ERROR;
				CLANG_WARN_SUSPICIOUS_MOVE = YES;
				CLANG_WARN_UNREACHABLE_CODE = YES;
				CLANG_WARN__DUPLICATE_METHOD_MATCH = YES;
				"CODE_SIGN_IDENTITY[sdk=iphoneos*]" = "iPhone Developer";
				COPY_PHASE_STRIP = NO;
				DEBUG_INFORMATION_FORMAT = dwarf;
				ENABLE_STRICT_OBJC_MSGSEND = YES;
				ENABLE_TESTABILITY = YES;
				GCC_C_LANGUAGE_STANDARD = gnu99;
				GCC_DYNAMIC_NO_PIC = NO;
				GCC_NO_COMMON_BLOCKS = YES;
				GCC_OPTIMIZATION_LEVEL = 0;
				GCC_PREPROCESSOR_DEFINITIONS = (
					"DEBUG=1",
					"$(inherited)",
				);
				GCC_WARN_64_TO_32_BIT_CONVERSION = YES;
				GCC_WARN_ABOUT_RETURN_TYPE = YES_ERROR;
				GCC_WARN_UNDECLARED_SELECTOR = YES;
				GCC_WARN_UNINITIALIZED_AUTOS = YES_AGGRESSIVE;
				GCC_WARN_UNUSED_FUNCTION = YES;
				GCC_WARN_UNUSED_VARIABLE = YES;
				IPHONEOS_DEPLOYMENT_TARGET = 10.2;
				MTL_ENABLE_DEBUG_INFO = YES;
				ONLY_ACTIVE_ARCH = YES;
				SDKROOT = iphoneos;
			};
			name = Debug;
		};
		BB965A871E2F4D5900EE6524 /* Release */ = {
			isa = XCBuildConfiguration;
			buildSettings = {
				ALWAYS_SEARCH_USER_PATHS = NO;
				CLANG_ANALYZER_NONNULL = YES;
				CLANG_CXX_LANGUAGE_STANDARD = "gnu++0x";
				CLANG_CXX_LIBRARY = "libc++";
				CLANG_ENABLE_MODULES = YES;
				CLANG_ENABLE_OBJC_ARC = YES;
				CLANG_WARN_BOOL_CONVERSION = YES;
				CLANG_WARN_CONSTANT_CONVERSION = YES;
				CLANG_WARN_DIRECT_OBJC_ISA_USAGE = YES_ERROR;
				CLANG_WARN_DOCUMENTATION_COMMENTS = YES;
				CLANG_WARN_EMPTY_BODY = YES;
				CLANG_WARN_ENUM_CONVERSION = YES;
				CLANG_WARN_INFINITE_RECURSION = YES;
				CLANG_WARN_INT_CONVERSION = YES;
				CLANG_WARN_OBJC_ROOT_CLASS = YES_ERROR;
				CLANG_WARN_SUSPICIOUS_MOVE = YES;
				CLANG_WARN_UNREACHABLE_CODE = YES;
				CLANG_WARN__DUPLICATE_METHOD_MATCH = YES;
				"CODE_SIGN_IDENTITY[sdk=iphoneos*]" = "iPhone Developer";
				COPY_PHASE_STRIP = NO;
				DEBUG_INFORMATION_FORMAT = "dwarf-with-dsym";
				ENABLE_NS_ASSERTIONS = NO;
				ENABLE_STRICT_OBJC_MSGSEND = YES;
				GCC_C_LANGUAGE_STANDARD = gnu99;
				GCC_NO_COMMON_BLOCKS = YES;
				GCC_WARN_64_TO_32_BIT_CONVERSION = YES;
				GCC_WARN_ABOUT_RETURN_TYPE = YES_ERROR;
				GCC_WARN_UNDECLARED_SELECTOR = YES;
				GCC_WARN_UNINITIALIZED_AUTOS = YES_AGGRESSIVE;
				GCC_WARN_UNUSED_FUNCTION = YES;
				GCC_WARN_UNUSED_VARIABLE = YES;
				IPHONEOS_DEPLOYMENT_TARGET = 10.2;
				MTL_ENABLE_DEBUG_INFO = NO;
				SDKROOT = iphoneos;
				VALIDATE_PRODUCT = YES;
			};
			name = Release;
		};
		BB965A891E2F4D5900EE6524 /* Debug */ = {
			isa = XCBuildConfiguration;
			buildSettings = {
				ASSETCATALOG_COMPILER_APPICON_NAME = AppIcon;
				INFOPLIST_FILE = CScoketClient/Info.plist;
				LD_RUNPATH_SEARCH_PATHS = "$(inherited) @executable_path/Frameworks";
				PRODUCT_BUNDLE_IDENTIFIER = com.lamb.CScoketClient;
				PRODUCT_NAME = "$(TARGET_NAME)";
			};
			name = Debug;
		};
		BB965A8A1E2F4D5900EE6524 /* Release */ = {
			isa = XCBuildConfiguration;
			buildSettings = {
				ASSETCATALOG_COMPILER_APPICON_NAME = AppIcon;
				INFOPLIST_FILE = CScoketClient/Info.plist;
				LD_RUNPATH_SEARCH_PATHS = "$(inherited) @executable_path/Frameworks";
				PRODUCT_BUNDLE_IDENTIFIER = com.lamb.CScoketClient;
				PRODUCT_NAME = "$(TARGET_NAME)";
			};
			name = Release;
		};
		BB965A8C1E2F4D5900EE6524 /* Debug */ = {
			isa = XCBuildConfiguration;
			buildSettings = {
				BUNDLE_LOADER = "$(TEST_HOST)";
				INFOPLIST_FILE = CScoketClientTests/Info.plist;
				LD_RUNPATH_SEARCH_PATHS = "$(inherited) @executable_path/Frameworks @loader_path/Frameworks";
				PRODUCT_BUNDLE_IDENTIFIER = com.lamb.CScoketClientTests;
				PRODUCT_NAME = "$(TARGET_NAME)";
				TEST_HOST = "$(BUILT_PRODUCTS_DIR)/CScoketClient.app/CScoketClient";
			};
			name = Debug;
		};
		BB965A8D1E2F4D5900EE6524 /* Release */ = {
			isa = XCBuildConfiguration;
			buildSettings = {
				BUNDLE_LOADER = "$(TEST_HOST)";
				INFOPLIST_FILE = CScoketClientTests/Info.plist;
				LD_RUNPATH_SEARCH_PATHS = "$(inherited) @executable_path/Frameworks @loader_path/Frameworks";
				PRODUCT_BUNDLE_IDENTIFIER = com.lamb.CScoketClientTests;
				PRODUCT_NAME = "$(TARGET_NAME)";
				TEST_HOST = "$(BUILT_PRODUCTS_DIR)/CScoketClient.app/CScoketClient";
			};
			name = Release;
		};
		BB965A8F1E2F4D5900EE6524 /* Debug */ = {
			isa = XCBuildConfiguration;
			buildSettings = {
				INFOPLIST_FILE = CScoketClientUITests/Info.plist;
				LD_RUNPATH_SEARCH_PATHS = "$(inherited) @executable_path/Frameworks @loader_path/Frameworks";
				PRODUCT_BUNDLE_IDENTIFIER = com.lamb.CScoketClientUITests;
				PRODUCT_NAME = "$(TARGET_NAME)";
				TEST_TARGET_NAME = CScoketClient;
			};
			name = Debug;
		};
		BB965A901E2F4D5900EE6524 /* Release */ = {
			isa = XCBuildConfiguration;
			buildSettings = {
				INFOPLIST_FILE = CScoketClientUITests/Info.plist;
				LD_RUNPATH_SEARCH_PATHS = "$(inherited) @executable_path/Frameworks @loader_path/Frameworks";
				PRODUCT_BUNDLE_IDENTIFIER = com.lamb.CScoketClientUITests;
				PRODUCT_NAME = "$(TARGET_NAME)";
				TEST_TARGET_NAME = CScoketClient;
			};
			name = Release;
		};
/* End XCBuildConfiguration section */

/* Begin XCConfigurationList section */
		BB965A561E2F4D5900EE6524 /* Build configuration list for PBXProject "CScoketClient" */ = {
			isa = XCConfigurationList;
			buildConfigurations = (
				BB965A861E2F4D5900EE6524 /* Debug */,
				BB965A871E2F4D5900EE6524 /* Release */,
			);
			defaultConfigurationIsVisible = 0;
			defaultConfigurationName = Release;
		};
		BB965A881E2F4D5900EE6524 /* Build configuration list for PBXNativeTarget "CScoketClient" */ = {
			isa = XCConfigurationList;
			buildConfigurations = (
				BB965A891E2F4D5900EE6524 /* Debug */,
				BB965A8A1E2F4D5900EE6524 /* Release */,
			);
			defaultConfigurationIsVisible = 0;
		};
		BB965A8B1E2F4D5900EE6524 /* Build configuration list for PBXNativeTarget "CScoketClientTests" */ = {
			isa = XCConfigurationList;
			buildConfigurations = (
				BB965A8C1E2F4D5900EE6524 /* Debug */,
				BB965A8D1E2F4D5900EE6524 /* Release */,
			);
			defaultConfigurationIsVisible = 0;
		};
		BB965A8E1E2F4D5900EE6524 /* Build configuration list for PBXNativeTarget "CScoketClientUITests" */ = {
			isa = XCConfigurationList;
			buildConfigurations = (
				BB965A8F1E2F4D5900EE6524 /* Debug */,
				BB965A901E2F4D5900EE6524 /* Release */,
			);
			defaultConfigurationIsVisible = 0;
		};
/* End XCConfigurationList section */
	};
	rootObject = BB965A531E2F4D5900EE6524 /* Project object */;
}
